
Microsoft Visual Studio Solution File, Format Version 12.00
# Visual Studio Version 17
VisualStudioVersion = 17.11.35327.3
MinimumVisualStudioVersion = 10.0.40219.1
Project("{2150E333-8FDC-42A3-9474-1A3956D46DE8}") = "Elementi di soluzione", "Elementi di soluzione", "{596F73BF-82D6-4A39-A9F1-4BDCB1DFFED5}"
	ProjectSection(SolutionItems) = preProject
		Readme.md = Readme.md
	EndProjectSection
EndProject
Project("{888888A0-9F3D-457C-B088-3A5042F75D52}") = "LlamaCppClientPy", "LlamaCppClientPy\LlamaCppClientPy.pyproj", "{1BB2FA03-5EB1-43D4-8B86-61312B98F214}"
EndProject
Project("{9A19103F-16F7-4668-BE54-9A1E7A4F7556}") = "LlamaCppCS", "LlamaCppCS\LlamaCppCS.csproj", "{6321C348-1107-4048-9642-4B354C808EFA}"
EndProject
Project("{888888A0-9F3D-457C-B088-3A5042F75D52}") = "LlamaCppPy", "LlamaCppPy\LlamaCppPy.pyproj", "{044D9EEC-D868-40CA-A95D-4A9513A5DDF0}"
EndProject
Project("{FAE04EC0-301F-11D3-BF4B-00C04F79EFBC}") = "LlamaCppClientCS", "LlamaCppClientCS\LlamaCppClientCS.csproj", "{3E84890B-A283-44BA-A2BF-4BCFED3EE002}"
EndProject
Global
	GlobalSection(SolutionConfigurationPlatforms) = preSolution
		Debug|Any CPU = Debug|Any CPU
		Release|Any CPU = Release|Any CPU
	EndGlobalSection
	GlobalSection(ProjectConfigurationPlatforms) = postSolution
		{1BB2FA03-5EB1-43D4-8B86-61312B98F214}.Debug|Any CPU.ActiveCfg = Debug|Any CPU
		{1BB2FA03-5EB1-43D4-8B86-61312B98F214}.Release|Any CPU.ActiveCfg = Release|Any CPU
		{6321C348-1107-4048-9642-4B354C808EFA}.Debug|Any CPU.ActiveCfg = Debug|Any CPU
		{6321C348-1107-4048-9642-4B354C808EFA}.Debug|Any CPU.Build.0 = Debug|Any CPU
		{6321C348-1107-4048-9642-4B354C808EFA}.Debug|Any CPU.Deploy.0 = Debug|Any CPU
		{6321C348-1107-4048-9642-4B354C808EFA}.Release|Any CPU.ActiveCfg = Release|Any CPU
		{6321C348-1107-4048-9642-4B354C808EFA}.Release|Any CPU.Build.0 = Release|Any CPU
		{6321C348-1107-4048-9642-4B354C808EFA}.Release|Any CPU.Deploy.0 = Release|Any CPU
		{044D9EEC-D868-40CA-A95D-4A9513A5DDF0}.Debug|Any CPU.ActiveCfg = Debug|Any CPU
		{044D9EEC-D868-40CA-A95D-4A9513A5DDF0}.Release|Any CPU.ActiveCfg = Release|Any CPU
		{3E84890B-A283-44BA-A2BF-4BCFED3EE002}.Debug|Any CPU.ActiveCfg = Debug|Any CPU
		{3E84890B-A283-44BA-A2BF-4BCFED3EE002}.Debug|Any CPU.Build.0 = Debug|Any CPU
		{3E84890B-A283-44BA-A2BF-4BCFED3EE002}.Debug|Any CPU.Deploy.0 = Debug|Any CPU
		{3E84890B-A283-44BA-A2BF-4BCFED3EE002}.Release|Any CPU.ActiveCfg = Release|Any CPU
		{3E84890B-A283-44BA-A2BF-4BCFED3EE002}.Release|Any CPU.Build.0 = Release|Any CPU
		{3E84890B-A283-44BA-A2BF-4BCFED3EE002}.Release|Any CPU.Deploy.0 = Release|Any CPU
	EndGlobalSection
	GlobalSection(SolutionProperties) = preSolution
		HideSolutionNode = FALSE
	EndGlobalSection
	GlobalSection(ExtensibilityGlobals) = postSolution
		SolutionGuid = {FD590850-13B3-4214-8A87-384AF5188D32}
	EndGlobalSection
EndGlobal
